<?xml version="1.0" encoding="utf-8"?>
<Project ToolsVersion="4.0" xmlns="http://schemas.microsoft.com/developer/msbuild/2003">
  <ItemGroup>
    <Filter Include="Source Files">
      <UniqueIdentifier>{4FC737F1-C7A5-4376-A066-2A32D752A2FF}</UniqueIdentifier>
      <Extensions>cpp;c;cc;cxx;def;odl;idl;hpj;bat;asm;asmx</Extensions>
    </Filter>
    <Filter Include="Header Files">
      <UniqueIdentifier>{93995380-89BD-4b04-88EB-625FBE52EBFB}</UniqueIdentifier>
      <Extensions>h;hh;hpp;hxx;hm;inl;inc;ipp;xsd</Extensions>
    </Filter>
    <Filter Include="Resource Files">
      <UniqueIdentifier>{67DA6AB6-F800-4c08-8B7A-83BB121AAD01}</UniqueIdentifier>
      <Extensions>rc;ico;cur;bmp;dlg;rc2;rct;bin;rgs;gif;jpg;jpeg;jpe;resx;tiff;tif;png;wav;mfcribbon-ms</Extensions>
    </Filter>
  </ItemGroup>
  <ItemGroup>
    <ClCompile Include="src\LavaEngine.cpp">
      <Filter>Source Files</Filter>
    </ClCompile>
    <ClCompile Include="src\Utils\Debug.cpp">
      <Filter>Source Files</Filter>
    </ClCompile>
    <ClCompile Include="src\Core\Application.cpp">
      <Filter>Source Files</Filter>
    </ClCompile>
    <ClCompile Include="src\Core\WindowManager.cpp">
      <Filter>Source Files</Filter>
    </ClCompile>
    <ClCompile Include="src\Renderer\MeshData.cpp">
      <Filter>Source Files</Filter>
    </ClCompile>
    <ClCompile Include="src\Platforms\OpenGL\GLMeshData.cpp">
      <Filter>Source Files</Filter>
    </ClCompile>
    <ClCompile Include="src\Platforms\OpenGL\GLVAO.cpp">
      <Filter>Source Files</Filter>
    </ClCompile>
    <ClCompile Include="src\Renderer\Texture.cpp">
      <Filter>Source Files</Filter>
    </ClCompile>
    <ClCompile Include="src\Platforms\OpenGL\GLRenderer.cpp">
      <Filter>Source Files</Filter>
    </ClCompile>
    <ClCompile Include="src\Platforms\OpenGL\GLRenderObject.cpp">
      <Filter>Source Files</Filter>
    </ClCompile>
    <ClCompile Include="src\Platforms\OpenGL\GLShader.cpp">
      <Filter>Source Files</Filter>
    </ClCompile>
    <ClCompile Include="src\Utils\TextUtils.cpp">
      <Filter>Source Files</Filter>
    </ClCompile>
    <ClCompile Include="src\Renderer\Shader.cpp">
      <Filter>Source Files</Filter>
    </ClCompile>
    <ClCompile Include="src\Renderer\ShaderBank.cpp">
      <Filter>Source Files</Filter>
    </ClCompile>
    <ClCompile Include="src\Platforms\OpenGL\GLShaderBank.cpp">
      <Filter>Source Files</Filter>
    </ClCompile>
    <ClCompile Include="src\Utils\ObjImporter.cpp">
      <Filter>Source Files</Filter>
    </ClCompile>
    <ClCompile Include="src\Utils\AssetImporter.cpp">
      <Filter>Source Files</Filter>
    </ClCompile>
    <ClCompile Include="src\Platforms\OpenGL\GLBatchedRenderer.cpp">
      <Filter>Source Files</Filter>
    </ClCompile>
    <ClCompile Include="src\Core\LavaTime.cpp">
      <Filter>Source Files</Filter>
    </ClCompile>
    <ClCompile Include="src\Renderer\TextureCubeMap.cpp">
      <Filter>Source Files</Filter>
    </ClCompile>
    <ClCompile Include="src\Renderer\EntityRenderer.cpp">
      <Filter>Source Files</Filter>
    </ClCompile>
    <ClCompile Include="src\Core\Scene.cpp">
      <Filter>Source Files</Filter>
    </ClCompile>
    <ClCompile Include="src\Utils\Mathematics.cpp">
      <Filter>Source Files</Filter>
    </ClCompile>
    <ClCompile Include="src\Platforms\OpenGL\GLSkyboxRenderer.cpp">
      <Filter>Source Files</Filter>
    </ClCompile>
    <ClCompile Include="src\Platforms\OpenGL\GLMasterRenderer.cpp">
      <Filter>Source Files</Filter>
    </ClCompile>
    <ClCompile Include="src\Core\AssetDatabase.cpp">
      <Filter>Source Files</Filter>
    </ClCompile>
    <ClCompile Include="src\Platforms\OpenGL\GLFrameBuffers.cpp">
      <Filter>Source Files</Filter>
    </ClCompile>
    <ClCompile Include="src\Platforms\OpenGL\GLWaterRenderer.cpp">
      <Filter>Source Files</Filter>
    </ClCompile>
    <ClCompile Include="vendor\imgui\imgui.cpp">
      <Filter>Source Files</Filter>
    </ClCompile>
    <ClCompile Include="vendor\imgui\imgui_demo.cpp">
      <Filter>Source Files</Filter>
    </ClCompile>
    <ClCompile Include="vendor\imgui\imgui_draw.cpp">
      <Filter>Source Files</Filter>
    </ClCompile>
    <ClCompile Include="vendor\imgui\imgui_impl_glfw.cpp">
      <Filter>Source Files</Filter>
    </ClCompile>
    <ClCompile Include="vendor\imgui\imgui_impl_opengl3.cpp">
      <Filter>Source Files</Filter>
    </ClCompile>
    <ClCompile Include="vendor\imgui\imgui_widgets.cpp">
      <Filter>Source Files</Filter>
    </ClCompile>
    <ClCompile Include="src\Renderer\DebugUI.cpp">
      <Filter>Source Files</Filter>
    </ClCompile>
    <ClCompile Include="src\Core\Physics.cpp">
      <Filter>Source Files</Filter>
    </ClCompile>
    <ClCompile Include="src\Platforms\OpenGL\GLParticleRenderer.cpp">
      <Filter>Source Files</Filter>
    </ClCompile>
    <ClCompile Include="src\Core\graph.cpp">
      <Filter>Source Files</Filter>
    </ClCompile>
    <ClCompile Include="src\Utils\soloud\src\audiosource\wav\dr_impl.cpp">
      <Filter>Source Files</Filter>
    </ClCompile>
    <ClCompile Include="src\Utils\soloud\src\audiosource\wav\soloud_wav.cpp">
      <Filter>Source Files</Filter>
    </ClCompile>
    <ClCompile Include="src\Utils\soloud\src\audiosource\wav\soloud_wavstream.cpp">
      <Filter>Source Files</Filter>
    </ClCompile>
    <ClCompile Include="src\Utils\soloud\src\audiosource\wav\stb_vorbis.c">
      <Filter>Source Files</Filter>
    </ClCompile>
    <ClCompile Include="src\Utils\soloud\src\backend\null\soloud_null.cpp">
      <Filter>Source Files</Filter>
    </ClCompile>
    <ClCompile Include="src\Utils\soloud\src\backend\openal\soloud_openal.cpp">
      <Filter>Source Files</Filter>
    </ClCompile>
    <ClCompile Include="src\Utils\soloud\src\backend\openal\soloud_openal_dll.c">
      <Filter>Source Files</Filter>
    </ClCompile>
    <ClCompile Include="src\Utils\soloud\src\core\soloud.cpp">
      <Filter>Source Files</Filter>
    </ClCompile>
    <ClCompile Include="src\Utils\soloud\src\core\soloud_audiosource.cpp">
      <Filter>Source Files</Filter>
    </ClCompile>
    <ClCompile Include="src\Utils\soloud\src\core\soloud_bus.cpp">
      <Filter>Source Files</Filter>
    </ClCompile>
    <ClCompile Include="src\Utils\soloud\src\core\soloud_core_3d.cpp">
      <Filter>Source Files</Filter>
    </ClCompile>
    <ClCompile Include="src\Utils\soloud\src\core\soloud_core_basicops.cpp">
      <Filter>Source Files</Filter>
    </ClCompile>
    <ClCompile Include="src\Utils\soloud\src\core\soloud_core_faderops.cpp">
      <Filter>Source Files</Filter>
    </ClCompile>
    <ClCompile Include="src\Utils\soloud\src\core\soloud_core_filterops.cpp">
      <Filter>Source Files</Filter>
    </ClCompile>
    <ClCompile Include="src\Utils\soloud\src\core\soloud_core_getters.cpp">
      <Filter>Source Files</Filter>
    </ClCompile>
    <ClCompile Include="src\Utils\soloud\src\core\soloud_core_setters.cpp">
      <Filter>Source Files</Filter>
    </ClCompile>
    <ClCompile Include="src\Utils\soloud\src\core\soloud_core_voicegroup.cpp">
      <Filter>Source Files</Filter>
    </ClCompile>
    <ClCompile Include="src\Utils\soloud\src\core\soloud_core_voiceops.cpp">
      <Filter>Source Files</Filter>
    </ClCompile>
    <ClCompile Include="src\Utils\soloud\src\core\soloud_fader.cpp">
      <Filter>Source Files</Filter>
    </ClCompile>
    <ClCompile Include="src\Utils\soloud\src\core\soloud_fft.cpp">
      <Filter>Source Files</Filter>
    </ClCompile>
    <ClCompile Include="src\Utils\soloud\src\core\soloud_fft_lut.cpp">
      <Filter>Source Files</Filter>
    </ClCompile>
    <ClCompile Include="src\Utils\soloud\src\core\soloud_file.cpp">
      <Filter>Source Files</Filter>
    </ClCompile>
    <ClCompile Include="src\Utils\soloud\src\core\soloud_filter.cpp">
      <Filter>Source Files</Filter>
    </ClCompile>
    <ClCompile Include="src\Utils\soloud\src\core\soloud_misc.cpp">
      <Filter>Source Files</Filter>
    </ClCompile>
    <ClCompile Include="src\Utils\soloud\src\core\soloud_queue.cpp">
      <Filter>Source Files</Filter>
    </ClCompile>
    <ClCompile Include="src\Utils\soloud\src\core\soloud_thread.cpp">
      <Filter>Source Files</Filter>
    </ClCompile>
    <ClCompile Include="src\Utils\soloud\src\filter\soloud_bassboostfilter.cpp">
      <Filter>Source Files</Filter>
    </ClCompile>
    <ClCompile Include="src\Utils\soloud\src\filter\soloud_biquadresonantfilter.cpp">
      <Filter>Source Files</Filter>
    </ClCompile>
    <ClCompile Include="src\Utils\soloud\src\filter\soloud_dcremovalfilter.cpp">
      <Filter>Source Files</Filter>
    </ClCompile>
    <ClCompile Include="src\Utils\soloud\src\filter\soloud_echofilter.cpp">
      <Filter>Source Files</Filter>
    </ClCompile>
    <ClCompile Include="src\Utils\soloud\src\filter\soloud_fftfilter.cpp">
      <Filter>Source Files</Filter>
    </ClCompile>
    <ClCompile Include="src\Utils\soloud\src\filter\soloud_flangerfilter.cpp">
      <Filter>Source Files</Filter>
    </ClCompile>
    <ClCompile Include="src\Utils\soloud\src\filter\soloud_freeverbfilter.cpp">
      <Filter>Source Files</Filter>
    </ClCompile>
    <ClCompile Include="src\Utils\soloud\src\filter\soloud_lofifilter.cpp">
      <Filter>Source Files</Filter>
    </ClCompile>
    <ClCompile Include="src\Utils\soloud\src\filter\soloud_robotizefilter.cpp">
      <Filter>Source Files</Filter>
    </ClCompile>
    <ClCompile Include="src\Utils\soloud\src\filter\soloud_waveshaperfilter.cpp">
      <Filter>Source Files</Filter>
    </ClCompile>
    <ClCompile Include="Gameplay\Demo.cpp">
      <Filter>Source Files</Filter>
    </ClCompile>
    <ClCompile Include="src\Core\AudioEngine.cpp">
      <Filter>Source Files</Filter>
    </ClCompile>
    <ClCompile Include="src\Core\InputManager.cpp">
      <Filter>Source Files</Filter>
    </ClCompile>
    <ClCompile Include="vendor\tinyxml2\tinyxml2.cpp">
      <Filter>Source Files</Filter>
    </ClCompile>
  </ItemGroup>
  <ItemGroup>
    <ClInclude Include="src\Utils\Debug.h">
      <Filter>Header Files</Filter>
    </ClInclude>
    <ClInclude Include="src\Core\WindowManager.h">
      <Filter>Header Files</Filter>
    </ClInclude>
    <ClInclude Include="src\Core\Application.h">
      <Filter>Header Files</Filter>
    </ClInclude>
    <ClInclude Include="src\Platforms\VertexArrayObject.h">
      <Filter>Header Files</Filter>
    </ClInclude>
    <ClInclude Include="src\Renderer\MeshData.h">
      <Filter>Header Files</Filter>
    </ClInclude>
    <ClInclude Include="src\Platforms\OpenGL\GLMeshData.h">
      <Filter>Header Files</Filter>
    </ClInclude>
    <ClInclude Include="src\Renderer\VertexArrayObject.h">
      <Filter>Header Files</Filter>
    </ClInclude>
    <ClInclude Include="src\Platforms\OpenGL\GLConsts.h">
      <Filter>Header Files</Filter>
    </ClInclude>
    <ClInclude Include="src\Platforms\OpenGL\GLVAO.h">
      <Filter>Header Files</Filter>
    </ClInclude>
    <ClInclude Include="src\Renderer\RenderObject.h">
      <Filter>Header Files</Filter>
    </ClInclude>
    <ClInclude Include="src\Renderer\Material.h">
      <Filter>Header Files</Filter>
    </ClInclude>
    <ClInclude Include="src\Renderer\Texture.h">
      <Filter>Header Files</Filter>
    </ClInclude>
    <ClInclude Include="src\Platforms\OpenGL\GLRenderer.h">
      <Filter>Header Files</Filter>
    </ClInclude>
    <ClInclude Include="src\Platforms\OpenGL\GLRenderObject.h">
      <Filter>Header Files</Filter>
    </ClInclude>
    <ClInclude Include="src\Renderer\Mesh.h">
      <Filter>Header Files</Filter>
    </ClInclude>
    <ClInclude Include="src\Renderer\Shader.h">
      <Filter>Header Files</Filter>
    </ClInclude>
    <ClInclude Include="src\Platforms\OpenGL\GLShader.h">
      <Filter>Header Files</Filter>
    </ClInclude>
    <ClInclude Include="src\Utils\TextUtils.h">
      <Filter>Header Files</Filter>
    </ClInclude>
    <ClInclude Include="src\Renderer\ShaderBank.h">
      <Filter>Header Files</Filter>
    </ClInclude>
    <ClInclude Include="src\Platforms\OpenGL\GLShaderBank.h">
      <Filter>Header Files</Filter>
    </ClInclude>
    <ClInclude Include="src\Utils\MemoryUtils.h">
      <Filter>Header Files</Filter>
    </ClInclude>
    <ClInclude Include="src\Renderer\ShaderType.h">
      <Filter>Header Files</Filter>
    </ClInclude>
    <ClInclude Include="src\Core\AssetDatabase.h">
      <Filter>Header Files</Filter>
    </ClInclude>
    <ClInclude Include="src\Components\Transform.h">
      <Filter>Header Files</Filter>
    </ClInclude>
    <ClInclude Include="src\Components\Entity.h">
      <Filter>Header Files</Filter>
    </ClInclude>
    <ClInclude Include="src\Components\MeshRenderer.h">
      <Filter>Header Files</Filter>
    </ClInclude>
    <ClInclude Include="src\Platforms\Platform.h">
      <Filter>Header Files</Filter>
    </ClInclude>
    <ClInclude Include="src\Platforms\PlatformInstanceGenerator.h">
      <Filter>Header Files</Filter>
    </ClInclude>
    <ClInclude Include="src\Components\Camera.h">
      <Filter>Header Files</Filter>
    </ClInclude>
    <ClInclude Include="src\Utils\ObjImporter.h">
      <Filter>Header Files</Filter>
    </ClInclude>
    <ClInclude Include="src\Renderer\MeshMaterialPack.h">
      <Filter>Header Files</Filter>
    </ClInclude>
    <ClInclude Include="src\Utils\AssetImporter.h">
      <Filter>Header Files</Filter>
    </ClInclude>
    <ClInclude Include="src\Components\Light.h">
      <Filter>Header Files</Filter>
    </ClInclude>
    <ClInclude Include="src\Renderer\BatchedRenderer.h">
      <Filter>Header Files</Filter>
    </ClInclude>
    <ClInclude Include="src\Platforms\OpenGL\GLBatchedRenderer.h">
      <Filter>Header Files</Filter>
    </ClInclude>
    <ClInclude Include="src\Core\LavaTime.h">
      <Filter>Header Files</Filter>
    </ClInclude>
    <ClInclude Include="src\Renderer\TextureCubeMap.h">
      <Filter>Header Files</Filter>
    </ClInclude>
    <ClInclude Include="src\Renderer\SkyboxRenderer.h">
      <Filter>Header Files</Filter>
    </ClInclude>
    <ClInclude Include="src\Renderer\BaseRenderer.h">
      <Filter>Header Files</Filter>
    </ClInclude>
    <ClInclude Include="src\Renderer\EntityRenderer.h">
      <Filter>Header Files</Filter>
    </ClInclude>
    <ClInclude Include="src\Core\Scene.h">
      <Filter>Header Files</Filter>
    </ClInclude>
    <ClInclude Include="src\Core\SceneObjectInfo.h">
      <Filter>Header Files</Filter>
    </ClInclude>
    <ClInclude Include="src\Utils\Mathematics.h">
      <Filter>Header Files</Filter>
    </ClInclude>
    <ClInclude Include="src\Renderer\MasterRenderer.h">
      <Filter>Header Files</Filter>
    </ClInclude>
    <ClInclude Include="src\Platforms\OpenGL\GLMasterRenderer.h">
      <Filter>Header Files</Filter>
    </ClInclude>
    <ClInclude Include="src\Platforms\OpenGL\GLSkyboxRenderer.h">
      <Filter>Header Files</Filter>
    </ClInclude>
    <ClInclude Include="src\Renderer\WaterRenderer.h">
      <Filter>Header Files</Filter>
    </ClInclude>
    <ClInclude Include="src\Platforms\OpenGL\GLWaterRenderer.h">
      <Filter>Header Files</Filter>
    </ClInclude>
    <ClInclude Include="src\Platforms\OpenGL\GLFrameBuffers.h">
      <Filter>Header Files</Filter>
    </ClInclude>
    <ClInclude Include="vendor\imgui\imconfig.h">
      <Filter>Header Files</Filter>
    </ClInclude>
    <ClInclude Include="vendor\imgui\imgui.h">
      <Filter>Header Files</Filter>
    </ClInclude>
    <ClInclude Include="vendor\imgui\imgui_impl_glfw.h">
      <Filter>Header Files</Filter>
    </ClInclude>
    <ClInclude Include="vendor\imgui\imgui_impl_opengl3.h">
      <Filter>Header Files</Filter>
    </ClInclude>
    <ClInclude Include="vendor\imgui\imgui_internal.h">
      <Filter>Header Files</Filter>
    </ClInclude>
    <ClInclude Include="vendor\imgui\imstb_rectpack.h">
      <Filter>Header Files</Filter>
    </ClInclude>
    <ClInclude Include="vendor\imgui\imstb_textedit.h">
      <Filter>Header Files</Filter>
    </ClInclude>
    <ClInclude Include="vendor\imgui\imstb_truetype.h">
      <Filter>Header Files</Filter>
    </ClInclude>
    <ClInclude Include="src\Renderer\DebugUI.h">
      <Filter>Header Files</Filter>
    </ClInclude>
    <ClInclude Include="src\Renderer\Particle.h">
      <Filter>Header Files</Filter>
    </ClInclude>
    <ClInclude Include="src\Core\Physics.h">
      <Filter>Header Files</Filter>
    </ClInclude>
    <ClInclude Include="src\Platforms\OpenGL\GLParticleRenderer.h">
      <Filter>Header Files</Filter>
    </ClInclude>
    <ClInclude Include="src\Renderer\ParticleRenderer.h">
      <Filter>Header Files</Filter>
    </ClInclude>
    <ClInclude Include="src\Components\ParticleSystem.h">
      <Filter>Header Files</Filter>
    </ClInclude>
    <ClInclude Include="src\Utils\Sorting.h">
      <Filter>Header Files</Filter>
    </ClInclude>
    <ClInclude Include="src\Utils\AudioLoad.h">
      <Filter>Header Files</Filter>
    </ClInclude>
    <ClInclude Include="src\Utils\soloud\src\audiosource\wav\dr_flac.h">
      <Filter>Header Files</Filter>
    </ClInclude>
    <ClInclude Include="src\Utils\soloud\src\audiosource\wav\dr_mp3.h">
      <Filter>Header Files</Filter>
    </ClInclude>
    <ClInclude Include="src\Utils\soloud\src\audiosource\wav\dr_wav.h">
      <Filter>Header Files</Filter>
    </ClInclude>
    <ClInclude Include="src\Utils\soloud\src\audiosource\wav\stb_vorbis.h">
      <Filter>Header Files</Filter>
    </ClInclude>
    <ClInclude Include="vendor\soloud\include\soloud.h">
      <Filter>Header Files</Filter>
    </ClInclude>
    <ClInclude Include="vendor\soloud\include\soloud_audiosource.h">
      <Filter>Header Files</Filter>
    </ClInclude>
    <ClInclude Include="vendor\soloud\include\soloud_bassboostfilter.h">
      <Filter>Header Files</Filter>
    </ClInclude>
    <ClInclude Include="vendor\soloud\include\soloud_biquadresonantfilter.h">
      <Filter>Header Files</Filter>
    </ClInclude>
    <ClInclude Include="vendor\soloud\include\soloud_bus.h">
      <Filter>Header Files</Filter>
    </ClInclude>
    <ClInclude Include="vendor\soloud\include\soloud_c.h">
      <Filter>Header Files</Filter>
    </ClInclude>
    <ClInclude Include="vendor\soloud\include\soloud_dcremovalfilter.h">
      <Filter>Header Files</Filter>
    </ClInclude>
    <ClInclude Include="vendor\soloud\include\soloud_echofilter.h">
      <Filter>Header Files</Filter>
    </ClInclude>
    <ClInclude Include="vendor\soloud\include\soloud_error.h">
      <Filter>Header Files</Filter>
    </ClInclude>
    <ClInclude Include="vendor\soloud\include\soloud_fader.h">
      <Filter>Header Files</Filter>
    </ClInclude>
    <ClInclude Include="vendor\soloud\include\soloud_fft.h">
      <Filter>Header Files</Filter>
    </ClInclude>
    <ClInclude Include="vendor\soloud\include\soloud_fftfilter.h">
      <Filter>Header Files</Filter>
    </ClInclude>
    <ClInclude Include="vendor\soloud\include\soloud_file.h">
      <Filter>Header Files</Filter>
    </ClInclude>
    <ClInclude Include="vendor\soloud\include\soloud_file_hack_off.h">
      <Filter>Header Files</Filter>
    </ClInclude>
    <ClInclude Include="vendor\soloud\include\soloud_file_hack_on.h">
      <Filter>Header Files</Filter>
    </ClInclude>
    <ClInclude Include="vendor\soloud\include\soloud_filter.h">
      <Filter>Header Files</Filter>
    </ClInclude>
    <ClInclude Include="vendor\soloud\include\soloud_flangerfilter.h">
      <Filter>Header Files</Filter>
    </ClInclude>
    <ClInclude Include="vendor\soloud\include\soloud_freeverbfilter.h">
      <Filter>Header Files</Filter>
    </ClInclude>
    <ClInclude Include="vendor\soloud\include\soloud_internal.h">
      <Filter>Header Files</Filter>
    </ClInclude>
    <ClInclude Include="vendor\soloud\include\soloud_lofifilter.h">
      <Filter>Header Files</Filter>
    </ClInclude>
    <ClInclude Include="vendor\soloud\include\soloud_misc.h">
      <Filter>Header Files</Filter>
    </ClInclude>
    <ClInclude Include="vendor\soloud\include\soloud_monotone.h">
      <Filter>Header Files</Filter>
    </ClInclude>
    <ClInclude Include="vendor\soloud\include\soloud_noise.h">
      <Filter>Header Files</Filter>
    </ClInclude>
    <ClInclude Include="vendor\soloud\include\soloud_openmpt.h">
      <Filter>Header Files</Filter>
    </ClInclude>
    <ClInclude Include="vendor\soloud\include\soloud_queue.h">
      <Filter>Header Files</Filter>
    </ClInclude>
    <ClInclude Include="vendor\soloud\include\soloud_robotizefilter.h">
      <Filter>Header Files</Filter>
    </ClInclude>
    <ClInclude Include="vendor\soloud\include\soloud_sfxr.h">
      <Filter>Header Files</Filter>
    </ClInclude>
    <ClInclude Include="vendor\soloud\include\soloud_tedsid.h">
      <Filter>Header Files</Filter>
    </ClInclude>
    <ClInclude Include="vendor\soloud\include\soloud_thread.h">
      <Filter>Header Files</Filter>
    </ClInclude>
    <ClInclude Include="vendor\soloud\include\soloud_vic.h">
      <Filter>Header Files</Filter>
    </ClInclude>
    <ClInclude Include="vendor\soloud\include\soloud_vizsn.h">
      <Filter>Header Files</Filter>
    </ClInclude>
    <ClInclude Include="vendor\soloud\include\soloud_wav.h">
      <Filter>Header Files</Filter>
    </ClInclude>
    <ClInclude Include="vendor\soloud\include\soloud_waveshaperfilter.h">
      <Filter>Header Files</Filter>
    </ClInclude>
    <ClInclude Include="vendor\soloud\include\soloud_wavstream.h">
      <Filter>Header Files</Filter>
    </ClInclude>
    <ClInclude Include="src\Core\GameLayer.h">
      <Filter>Header Files</Filter>
    </ClInclude>
    <ClInclude Include="Gameplay\Demo.h">
      <Filter>Header Files</Filter>
    </ClInclude>
    <ClInclude Include="src\Core\AudioEngine.h">
      <Filter>Header Files</Filter>
    </ClInclude>
    <ClInclude Include="src\Components\AudioSource.h">
      <Filter>Header Files</Filter>
    </ClInclude>
    <ClInclude Include="src\Core\Data\SceneData.h">
      <Filter>Header Files</Filter>
    </ClInclude>
    <ClInclude Include="src\Core\InputManager.h">
      <Filter>Header Files</Filter>
    </ClInclude>
    <ClInclude Include="src\Core\Data\Event.h">
      <Filter>Header Files</Filter>
    </ClInclude>
    <ClInclude Include="vendor\tinyxml2\tinyxml2.h">
      <Filter>Header Files</Filter>
    </ClInclude>
    <ClInclude Include="Gameplay\CameraController.h">
      <Filter>Header Files</Filter>
    </ClInclude>
  </ItemGroup>
  <ItemGroup>
    <None Include="Shaders\fragmentShader.fp" />
    <None Include="Shaders\vertexShader.vp" />
    <None Include="Shaders\Skybox.vp" />
    <None Include="Shaders\Skybox.fp" />
    <None Include="Shaders\Particle.vp" />
    <None Include="Shaders\Particle.fp" />
    <None Include="src\Renderer\ParticleTexture.h" />
  </ItemGroup>
  <ItemGroup>
    <Image Include="..\..\..\Skybox Images\bottom.png">
      <Filter>Resource Files</Filter>
    </Image>
    <Image Include="..\..\..\Skybox Images\front.png">
      <Filter>Resource Files</Filter>
    </Image>
    <Image Include="..\..\..\Skybox Images\left.png">
      <Filter>Resource Files</Filter>
    </Image>
    <Image Include="..\..\..\Skybox Images\right.png">
      <Filter>Resource Files</Filter>
    </Image>
    <Image Include="..\..\..\Skybox Images\top.png">
      <Filter>Resource Files</Filter>
    </Image>
    <Image Include="..\..\..\Skybox Images\back.png">
      <Filter>Resource Files</Filter>
    </Image>
  </ItemGroup>
  <ItemGroup>
    <Xml Include="Assets\first.xml" />
  </ItemGroup>
</Project>